
Microsoft Visual Studio Solution File, Format Version 12.00
# Visual Studio Version 17
VisualStudioVersion = 17.14.36121.58 d17.14
MinimumVisualStudioVersion = 10.0.40219.1
Project("{FAE04EC0-301F-11D3-BF4B-00C04F79EFBC}") = "UserMaganementJwt", "UserMaganementJwt\UserMaganementJwt.csproj", "{A0145871-22A1-4CED-B585-45FA71CF61BB}"
EndProject
Global
	GlobalSection(SolutionConfigurationPlatforms) = preSolution
		Debug|Any CPU = Debug|Any CPU
		Release|Any CPU = Release|Any CPU
	EndGlobalSection
	GlobalSection(ProjectConfigurationPlatforms) = postSolution
		{A0145871-22A1-4CED-B585-45FA71CF61BB}.Debug|Any CPU.ActiveCfg = Debug|Any CPU
		{A0145871-22A1-4CED-B585-45FA71CF61BB}.Debug|Any CPU.Build.0 = Debug|Any CPU
		{A0145871-22A1-4CED-B585-45FA71CF61BB}.Release|Any CPU.ActiveCfg = Release|Any CPU
		{A0145871-22A1-4CED-B585-45FA71CF61BB}.Release|Any CPU.Build.0 = Release|Any CPU
	EndGlobalSection
	GlobalSection(SolutionProperties) = preSolution
		HideSolutionNode = FALSE
	EndGlobalSection
	GlobalSection(ExtensibilityGlobals) = postSolution
		SolutionGuid = {0D928B5C-387A-46BB-AE12-7CCA1918D5EF}
	EndGlobalSection
EndGlobal
